
Microsoft Visual Studio Solution File, Format Version 12.00
# Visual Studio Version 17
VisualStudioVersion = 17.5.002.0
MinimumVisualStudioVersion = 10.0.40219.1
Project("{9A19103F-16F7-4668-BE54-9A1E7A4F7556}") = "LifetimeAttributes", "LifetimeAttributes\LifetimeAttributes.csproj", "{7B5EB306-04F0-486D-9D6C-933F6D98E7C8}"
EndProject
Project("{FAE04EC0-301F-11D3-BF4B-00C04F79EFBC}") = "SampleConsole", "SampleConsole\SampleConsole.csproj", "{2F0681E9-21AB-484B-9713-A8F102E7294A}"
EndProject
Project("{FAE04EC0-301F-11D3-BF4B-00C04F79EFBC}") = "LifetimeAttributes.Analyzer", "LifetimeAttributes.Analyzer\LifetimeAttributes.Analyzer.csproj", "{C15C31F7-570B-4F4A-99A8-08A8AF4A507C}"
EndProject
Global
	GlobalSection(SolutionConfigurationPlatforms) = preSolution
		Debug|Any CPU = Debug|Any CPU
		Release|Any CPU = Release|Any CPU
	EndGlobalSection
	GlobalSection(ProjectConfigurationPlatforms) = postSolution
		{7B5EB306-04F0-486D-9D6C-933F6D98E7C8}.Debug|Any CPU.ActiveCfg = Debug|Any CPU
		{7B5EB306-04F0-486D-9D6C-933F6D98E7C8}.Debug|Any CPU.Build.0 = Debug|Any CPU
		{7B5EB306-04F0-486D-9D6C-933F6D98E7C8}.Release|Any CPU.ActiveCfg = Release|Any CPU
		{7B5EB306-04F0-486D-9D6C-933F6D98E7C8}.Release|Any CPU.Build.0 = Release|Any CPU
		{2F0681E9-21AB-484B-9713-A8F102E7294A}.Debug|Any CPU.ActiveCfg = Debug|Any CPU
		{2F0681E9-21AB-484B-9713-A8F102E7294A}.Debug|Any CPU.Build.0 = Debug|Any CPU
		{2F0681E9-21AB-484B-9713-A8F102E7294A}.Release|Any CPU.ActiveCfg = Release|Any CPU
		{2F0681E9-21AB-484B-9713-A8F102E7294A}.Release|Any CPU.Build.0 = Release|Any CPU
		{C15C31F7-570B-4F4A-99A8-08A8AF4A507C}.Debug|Any CPU.ActiveCfg = Debug|Any CPU
		{C15C31F7-570B-4F4A-99A8-08A8AF4A507C}.Debug|Any CPU.Build.0 = Debug|Any CPU
		{C15C31F7-570B-4F4A-99A8-08A8AF4A507C}.Release|Any CPU.ActiveCfg = Release|Any CPU
		{C15C31F7-570B-4F4A-99A8-08A8AF4A507C}.Release|Any CPU.Build.0 = Release|Any CPU
	EndGlobalSection
	GlobalSection(SolutionProperties) = preSolution
		HideSolutionNode = FALSE
	EndGlobalSection
	GlobalSection(ExtensibilityGlobals) = postSolution
		SolutionGuid = {432E6583-33B9-4B8A-BA8A-921635F4D4A6}
	EndGlobalSection
EndGlobal
